
Microsoft Visual Studio Solution File, Format Version 12.00
# Visual Studio Version 17
VisualStudioVersion = 17.11.35327.3
MinimumVisualStudioVersion = 10.0.40219.1
Project("{FAE04EC0-301F-11D3-BF4B-00C04F79EFBC}") = "Ejercicio5", "Ejercicio5\Ejercicio5.csproj", "{4FF4D2E8-B96E-448E-921D-7F8A4909167B}"
EndProject
Global
	GlobalSection(SolutionConfigurationPlatforms) = preSolution
		Debug|Any CPU = Debug|Any CPU
		Release|Any CPU = Release|Any CPU
	EndGlobalSection
	GlobalSection(ProjectConfigurationPlatforms) = postSolution
		{4FF4D2E8-B96E-448E-921D-7F8A4909167B}.Debug|Any CPU.ActiveCfg = Debug|Any CPU
		{4FF4D2E8-B96E-448E-921D-7F8A4909167B}.Debug|Any CPU.Build.0 = Debug|Any CPU
		{4FF4D2E8-B96E-448E-921D-7F8A4909167B}.Release|Any CPU.ActiveCfg = Release|Any CPU
		{4FF4D2E8-B96E-448E-921D-7F8A4909167B}.Release|Any CPU.Build.0 = Release|Any CPU
	EndGlobalSection
	GlobalSection(SolutionProperties) = preSolution
		HideSolutionNode = FALSE
	EndGlobalSection
	GlobalSection(ExtensibilityGlobals) = postSolution
		SolutionGuid = {EE5D41AB-29E8-4BA3-ABAC-E7ACCF51F947}
	EndGlobalSection
EndGlobal
